{
  "requires": true,
  "lockfileVersion": 1,
  "dependencies": {
    "as-wasi": {
      "version": "0.0.1",
      "resolved": "https://registry.npmjs.org/as-wasi/-/as-wasi-0.0.1.tgz",
      "integrity": "sha512-l1M9r7RaswgTHGgYZuw3yCRQv3dpO5FVypuWrMPo7P1VDe30UoNtVRiV299Bf2k34enxHrPgczHg8znSr9SejQ=="
    }
  }
}
